
Microsoft Visual Studio Solution File, Format Version 12.00
# Visual Studio Version 17
VisualStudioVersion = 17.8.34525.116
MinimumVisualStudioVersion = 10.0.40219.1
Project("{2150E333-8FDC-42A3-9474-1A3956D46DE8}") = "Services", "Services", "{6DE52F4E-E274-4845-B898-3A871761C127}"
EndProject
Project("{2150E333-8FDC-42A3-9474-1A3956D46DE8}") = "Catalog", "Catalog", "{8045E59E-91B1-47D0-8648-113EEB6F47D2}"
EndProject
Project("{9A19103F-16F7-4668-BE54-9A1E7A4F7556}") = "Catalog.API", "Services\Catalog\Catalog.API\Catalog.API.csproj", "{1A5713DA-C26C-4AA5-AE23-ED8499321A2C}"
EndProject
Project("{2150E333-8FDC-42A3-9474-1A3956D46DE8}") = "BuildingBlocks", "BuildingBlocks", "{AE3430A3-7236-4BF4-89B4-7CF1C4C3C4C1}"
EndProject
Project("{9A19103F-16F7-4668-BE54-9A1E7A4F7556}") = "BuildingBlocks", "BuildingBlocks\BuildingBlocks.csproj", "{C6D8A7FC-9CB4-4D9C-B2E7-74ED53797F63}"
EndProject
Project("{E53339B2-1760-4266-BCC7-CA923CBCF16C}") = "docker-compose", "docker-compose.dcproj", "{F76A0700-0657-4467-B45C-8412FEE86AEA}"
EndProject
Project("{2150E333-8FDC-42A3-9474-1A3956D46DE8}") = "Basket", "Basket", "{9F52E8CD-D14A-4C7B-B74D-B4354AE07E84}"
EndProject
Project("{9A19103F-16F7-4668-BE54-9A1E7A4F7556}") = "Basket.API", "Services\Basket\Basket.API\Basket.API.csproj", "{17572FCC-615D-46A7-9760-075AFD378085}"
EndProject
Project("{2150E333-8FDC-42A3-9474-1A3956D46DE8}") = "Discount", "Discount", "{D524E44A-A5E4-49AB-A9E8-F4A436385ED0}"
EndProject
Project("{9A19103F-16F7-4668-BE54-9A1E7A4F7556}") = "Discount.Grpc", "Services\Discount\Discount.Grpc\Discount.Grpc.csproj", "{B9522497-BA65-41B6-9942-6E77FC162244}"
EndProject
Project("{2150E333-8FDC-42A3-9474-1A3956D46DE8}") = "Ordering", "Ordering", "{6AF81A9E-BB78-42AC-BF13-B5BE1C6B20BE}"
EndProject
Project("{FAE04EC0-301F-11D3-BF4B-00C04F79EFBC}") = "Ordering.API", "Services\Ordering\Ordering.API\Ordering.API.csproj", "{53A5C048-E637-4A19-9F6F-BD7578EC8865}"
EndProject
Project("{FAE04EC0-301F-11D3-BF4B-00C04F79EFBC}") = "Ordering.Domain", "Services\Ordering\Ordering.Domain\Ordering.Domain.csproj", "{B33E993A-FE44-4B31-9D16-6D8C3A55FBA4}"
EndProject
Project("{FAE04EC0-301F-11D3-BF4B-00C04F79EFBC}") = "Ordering.Application", "Services\Ordering\Ordering.Application\Ordering.Application.csproj", "{B7D888BC-86CC-4D43-B006-11B3147B4593}"
EndProject
Project("{FAE04EC0-301F-11D3-BF4B-00C04F79EFBC}") = "Ordering.Infrastructure", "Services\Ordering\Ordering.Infrastructure\Ordering.Infrastructure.csproj", "{769A9D7F-A294-47AB-ACBC-6A38E0544ABC}"
EndProject
Global
	GlobalSection(SolutionConfigurationPlatforms) = preSolution
		Debug|Any CPU = Debug|Any CPU
		Release|Any CPU = Release|Any CPU
	EndGlobalSection
	GlobalSection(ProjectConfigurationPlatforms) = postSolution
		{1A5713DA-C26C-4AA5-AE23-ED8499321A2C}.Debug|Any CPU.ActiveCfg = Debug|Any CPU
		{1A5713DA-C26C-4AA5-AE23-ED8499321A2C}.Debug|Any CPU.Build.0 = Debug|Any CPU
		{1A5713DA-C26C-4AA5-AE23-ED8499321A2C}.Release|Any CPU.ActiveCfg = Release|Any CPU
		{1A5713DA-C26C-4AA5-AE23-ED8499321A2C}.Release|Any CPU.Build.0 = Release|Any CPU
		{C6D8A7FC-9CB4-4D9C-B2E7-74ED53797F63}.Debug|Any CPU.ActiveCfg = Debug|Any CPU
		{C6D8A7FC-9CB4-4D9C-B2E7-74ED53797F63}.Debug|Any CPU.Build.0 = Debug|Any CPU
		{C6D8A7FC-9CB4-4D9C-B2E7-74ED53797F63}.Release|Any CPU.ActiveCfg = Release|Any CPU
		{C6D8A7FC-9CB4-4D9C-B2E7-74ED53797F63}.Release|Any CPU.Build.0 = Release|Any CPU
		{F76A0700-0657-4467-B45C-8412FEE86AEA}.Debug|Any CPU.ActiveCfg = Debug|Any CPU
		{F76A0700-0657-4467-B45C-8412FEE86AEA}.Debug|Any CPU.Build.0 = Debug|Any CPU
		{F76A0700-0657-4467-B45C-8412FEE86AEA}.Release|Any CPU.ActiveCfg = Release|Any CPU
		{F76A0700-0657-4467-B45C-8412FEE86AEA}.Release|Any CPU.Build.0 = Release|Any CPU
		{17572FCC-615D-46A7-9760-075AFD378085}.Debug|Any CPU.ActiveCfg = Debug|Any CPU
		{17572FCC-615D-46A7-9760-075AFD378085}.Debug|Any CPU.Build.0 = Debug|Any CPU
		{17572FCC-615D-46A7-9760-075AFD378085}.Release|Any CPU.ActiveCfg = Release|Any CPU
		{17572FCC-615D-46A7-9760-075AFD378085}.Release|Any CPU.Build.0 = Release|Any CPU
		{B9522497-BA65-41B6-9942-6E77FC162244}.Debug|Any CPU.ActiveCfg = Debug|Any CPU
		{B9522497-BA65-41B6-9942-6E77FC162244}.Debug|Any CPU.Build.0 = Debug|Any CPU
		{B9522497-BA65-41B6-9942-6E77FC162244}.Release|Any CPU.ActiveCfg = Release|Any CPU
		{B9522497-BA65-41B6-9942-6E77FC162244}.Release|Any CPU.Build.0 = Release|Any CPU
		{53A5C048-E637-4A19-9F6F-BD7578EC8865}.Debug|Any CPU.ActiveCfg = Debug|Any CPU
		{53A5C048-E637-4A19-9F6F-BD7578EC8865}.Debug|Any CPU.Build.0 = Debug|Any CPU
		{53A5C048-E637-4A19-9F6F-BD7578EC8865}.Release|Any CPU.ActiveCfg = Release|Any CPU
		{53A5C048-E637-4A19-9F6F-BD7578EC8865}.Release|Any CPU.Build.0 = Release|Any CPU
		{B33E993A-FE44-4B31-9D16-6D8C3A55FBA4}.Debug|Any CPU.ActiveCfg = Debug|Any CPU
		{B33E993A-FE44-4B31-9D16-6D8C3A55FBA4}.Debug|Any CPU.Build.0 = Debug|Any CPU
		{B33E993A-FE44-4B31-9D16-6D8C3A55FBA4}.Release|Any CPU.ActiveCfg = Release|Any CPU
		{B33E993A-FE44-4B31-9D16-6D8C3A55FBA4}.Release|Any CPU.Build.0 = Release|Any CPU
		{B7D888BC-86CC-4D43-B006-11B3147B4593}.Debug|Any CPU.ActiveCfg = Debug|Any CPU
		{B7D888BC-86CC-4D43-B006-11B3147B4593}.Debug|Any CPU.Build.0 = Debug|Any CPU
		{B7D888BC-86CC-4D43-B006-11B3147B4593}.Release|Any CPU.ActiveCfg = Release|Any CPU
		{B7D888BC-86CC-4D43-B006-11B3147B4593}.Release|Any CPU.Build.0 = Release|Any CPU
		{769A9D7F-A294-47AB-ACBC-6A38E0544ABC}.Debug|Any CPU.ActiveCfg = Debug|Any CPU
		{769A9D7F-A294-47AB-ACBC-6A38E0544ABC}.Debug|Any CPU.Build.0 = Debug|Any CPU
		{769A9D7F-A294-47AB-ACBC-6A38E0544ABC}.Release|Any CPU.ActiveCfg = Release|Any CPU
		{769A9D7F-A294-47AB-ACBC-6A38E0544ABC}.Release|Any CPU.Build.0 = Release|Any CPU
	EndGlobalSection
	GlobalSection(SolutionProperties) = preSolution
		HideSolutionNode = FALSE
	EndGlobalSection
	GlobalSection(NestedProjects) = preSolution
		{8045E59E-91B1-47D0-8648-113EEB6F47D2} = {6DE52F4E-E274-4845-B898-3A871761C127}
		{1A5713DA-C26C-4AA5-AE23-ED8499321A2C} = {8045E59E-91B1-47D0-8648-113EEB6F47D2}
		{C6D8A7FC-9CB4-4D9C-B2E7-74ED53797F63} = {AE3430A3-7236-4BF4-89B4-7CF1C4C3C4C1}
		{9F52E8CD-D14A-4C7B-B74D-B4354AE07E84} = {6DE52F4E-E274-4845-B898-3A871761C127}
		{17572FCC-615D-46A7-9760-075AFD378085} = {9F52E8CD-D14A-4C7B-B74D-B4354AE07E84}
		{D524E44A-A5E4-49AB-A9E8-F4A436385ED0} = {6DE52F4E-E274-4845-B898-3A871761C127}
		{B9522497-BA65-41B6-9942-6E77FC162244} = {D524E44A-A5E4-49AB-A9E8-F4A436385ED0}
		{6AF81A9E-BB78-42AC-BF13-B5BE1C6B20BE} = {6DE52F4E-E274-4845-B898-3A871761C127}
		{53A5C048-E637-4A19-9F6F-BD7578EC8865} = {6AF81A9E-BB78-42AC-BF13-B5BE1C6B20BE}
		{B33E993A-FE44-4B31-9D16-6D8C3A55FBA4} = {6AF81A9E-BB78-42AC-BF13-B5BE1C6B20BE}
		{B7D888BC-86CC-4D43-B006-11B3147B4593} = {6AF81A9E-BB78-42AC-BF13-B5BE1C6B20BE}
		{769A9D7F-A294-47AB-ACBC-6A38E0544ABC} = {6AF81A9E-BB78-42AC-BF13-B5BE1C6B20BE}
	EndGlobalSection
	GlobalSection(ExtensibilityGlobals) = postSolution
		SolutionGuid = {78962F8B-3D96-4825-98CE-117672D3D4C6}
	EndGlobalSection
EndGlobal
